
Microsoft Visual Studio Solution File, Format Version 12.00
# Visual Studio Version 17
VisualStudioVersion = 17.10.34607.79
MinimumVisualStudioVersion = 10.0.40219.1
Project("{9A19103F-16F7-4668-BE54-9A1E7A4F7556}") = "Order.Api", "Order.Api\Order.Api.csproj", "{649CB8B6-6C26-4615-AF46-F986A8C92B86}"
EndProject
Project("{9A19103F-16F7-4668-BE54-9A1E7A4F7556}") = "Payment.Api", "Payment.Api\Payment.Api.csproj", "{45FBA28B-6CDE-41C7-93B8-9856EE4BBE96}"
EndProject
Project("{9A19103F-16F7-4668-BE54-9A1E7A4F7556}") = "Stock.Api", "Stock.Api\Stock.Api.csproj", "{AD3FFF95-3493-4659-9B24-1A0E28E98373}"
EndProject
Project("{FAE04EC0-301F-11D3-BF4B-00C04F79EFBC}") = "Shared", "Shared\Shared.csproj", "{D1D8333B-37AE-4F24-9B29-7DD26B45E1AD}"
EndProject
Global
	GlobalSection(SolutionConfigurationPlatforms) = preSolution
		Debug|Any CPU = Debug|Any CPU
		Release|Any CPU = Release|Any CPU
	EndGlobalSection
	GlobalSection(ProjectConfigurationPlatforms) = postSolution
		{649CB8B6-6C26-4615-AF46-F986A8C92B86}.Debug|Any CPU.ActiveCfg = Debug|Any CPU
		{649CB8B6-6C26-4615-AF46-F986A8C92B86}.Debug|Any CPU.Build.0 = Debug|Any CPU
		{649CB8B6-6C26-4615-AF46-F986A8C92B86}.Release|Any CPU.ActiveCfg = Release|Any CPU
		{649CB8B6-6C26-4615-AF46-F986A8C92B86}.Release|Any CPU.Build.0 = Release|Any CPU
		{45FBA28B-6CDE-41C7-93B8-9856EE4BBE96}.Debug|Any CPU.ActiveCfg = Debug|Any CPU
		{45FBA28B-6CDE-41C7-93B8-9856EE4BBE96}.Debug|Any CPU.Build.0 = Debug|Any CPU
		{45FBA28B-6CDE-41C7-93B8-9856EE4BBE96}.Release|Any CPU.ActiveCfg = Release|Any CPU
		{45FBA28B-6CDE-41C7-93B8-9856EE4BBE96}.Release|Any CPU.Build.0 = Release|Any CPU
		{AD3FFF95-3493-4659-9B24-1A0E28E98373}.Debug|Any CPU.ActiveCfg = Debug|Any CPU
		{AD3FFF95-3493-4659-9B24-1A0E28E98373}.Debug|Any CPU.Build.0 = Debug|Any CPU
		{AD3FFF95-3493-4659-9B24-1A0E28E98373}.Release|Any CPU.ActiveCfg = Release|Any CPU
		{AD3FFF95-3493-4659-9B24-1A0E28E98373}.Release|Any CPU.Build.0 = Release|Any CPU
		{D1D8333B-37AE-4F24-9B29-7DD26B45E1AD}.Debug|Any CPU.ActiveCfg = Debug|Any CPU
		{D1D8333B-37AE-4F24-9B29-7DD26B45E1AD}.Debug|Any CPU.Build.0 = Debug|Any CPU
		{D1D8333B-37AE-4F24-9B29-7DD26B45E1AD}.Release|Any CPU.ActiveCfg = Release|Any CPU
		{D1D8333B-37AE-4F24-9B29-7DD26B45E1AD}.Release|Any CPU.Build.0 = Release|Any CPU
	EndGlobalSection
	GlobalSection(SolutionProperties) = preSolution
		HideSolutionNode = FALSE
	EndGlobalSection
	GlobalSection(ExtensibilityGlobals) = postSolution
		SolutionGuid = {B591885F-0D46-474E-AD16-F3B53EB8105E}
	EndGlobalSection
EndGlobal
